
Microsoft Visual Studio Solution File, Format Version 12.00
# Visual Studio Version 17
VisualStudioVersion = 17.2.32519.379
MinimumVisualStudioVersion = 10.0.40219.1
Project("{FAE04EC0-301F-11D3-BF4B-00C04F79EFBC}") = "WindowsFormsApp1", "WindowsFormsApp1\WindowsFormsApp1.csproj", "{29509C5B-3E39-4279-B0FF-2E2EF4EF7189}"
EndProject
Global
	GlobalSection(SolutionConfigurationPlatforms) = preSolution
		Debug|Any CPU = Debug|Any CPU
		Release|Any CPU = Release|Any CPU
	EndGlobalSection
	GlobalSection(ProjectConfigurationPlatforms) = postSolution
		{29509C5B-3E39-4279-B0FF-2E2EF4EF7189}.Debug|Any CPU.ActiveCfg = Debug|Any CPU
		{29509C5B-3E39-4279-B0FF-2E2EF4EF7189}.Debug|Any CPU.Build.0 = Debug|Any CPU
		{29509C5B-3E39-4279-B0FF-2E2EF4EF7189}.Release|Any CPU.ActiveCfg = Release|Any CPU
		{29509C5B-3E39-4279-B0FF-2E2EF4EF7189}.Release|Any CPU.Build.0 = Release|Any CPU
	EndGlobalSection
	GlobalSection(SolutionProperties) = preSolution
		HideSolutionNode = FALSE
	EndGlobalSection
	GlobalSection(ExtensibilityGlobals) = postSolution
		SolutionGuid = {FD606C2D-4B0B-4621-A279-EDFA4E5C9410}
	EndGlobalSection
EndGlobal
